dependencies:
  epdiy:
    component_hash: c1fe6bd9ecafbffac3fce5461932a1a427cf1729dd561c5a23554b14298e9ac7
    dependencies: []
    source:
      git: https://github.com/vroland/epdiy
      path: .
      type: git
    version: c61e9e923ce2418150d54f88cea5d196cdc40c54
  idf:
    source:
      type: idf
    version: 5.3.2
direct_dependencies:
- epdiy
- idf
manifest_hash: 9271533a3028253c9c754cf7b89c26e1379613d5af0ed371b30ecda2f125ba98
target: esp32s3
version: 2.0.0
